
Microsoft Visual Studio Solution File, Format Version 12.00
# Visual Studio Version 17
VisualStudioVersion = 17.14.36623.8
MinimumVisualStudioVersion = 10.0.40219.1
Project("{FAE04EC0-301F-11D3-BF4B-00C04F79EFBC}") = "ModuNet.Core", "ModuNet.Core\ModuNet.Core.csproj", "{AFBCF8B2-E8C8-436D-A774-3D39B10B51EB}"
EndProject
Project("{FAE04EC0-301F-11D3-BF4B-00C04F79EFBC}") = "ModuNet.AspNet.Core", "ModuNet.AspNet.Core\ModuNet.AspNet.Core.csproj", "{4543000A-39E5-4B58-B9AC-137728FF52E4}"
EndProject
Project("{FAE04EC0-301F-11D3-BF4B-00C04F79EFBC}") = "SampleApp", "SampleApp\SampleApp.csproj", "{27B1688E-660D-4EF6-B994-B85037E9E7CC}"
EndProject
Project("{FAE04EC0-301F-11D3-BF4B-00C04F79EFBC}") = "ModuNet.AspNet.Extentions", "ModuNet.AspNet.Extentions\ModuNet.AspNet.Extentions.csproj", "{C68AC91E-6B58-4375-8E72-86DD459A8A89}"
EndProject
Project("{FAE04EC0-301F-11D3-BF4B-00C04F79EFBC}") = "SampleModule.Infrastructure.Rest", "SampleModule.Infrastructure.Rest\SampleModule.Infrastructure.Rest.csproj", "{002F7CD8-99E9-4276-9E4B-4A463AD348B2}"
EndProject
Project("{FAE04EC0-301F-11D3-BF4B-00C04F79EFBC}") = "SampleModule.Bootstrap", "SampleModule.Bootstrap\SampleModule.Bootstrap.csproj", "{CED403BD-7226-488B-9FEF-34A1F11B7B39}"
EndProject
Project("{FAE04EC0-301F-11D3-BF4B-00C04F79EFBC}") = "SampleModule.Application", "SampleModule.Application\SampleModule.Application.csproj", "{5C742F03-2B48-421A-A83D-4489E260F176}"
EndProject
Project("{FAE04EC0-301F-11D3-BF4B-00C04F79EFBC}") = "SampleApp.Rest", "SampleApp.Rest\SampleApp.Rest.csproj", "{43C65460-19D9-47C4-BF0F-E3E727635C3D}"
EndProject
Global
	GlobalSection(SolutionConfigurationPlatforms) = preSolution
		Debug|Any CPU = Debug|Any CPU
		Release|Any CPU = Release|Any CPU
	EndGlobalSection
	GlobalSection(ProjectConfigurationPlatforms) = postSolution
		{AFBCF8B2-E8C8-436D-A774-3D39B10B51EB}.Debug|Any CPU.ActiveCfg = Debug|Any CPU
		{AFBCF8B2-E8C8-436D-A774-3D39B10B51EB}.Debug|Any CPU.Build.0 = Debug|Any CPU
		{AFBCF8B2-E8C8-436D-A774-3D39B10B51EB}.Release|Any CPU.ActiveCfg = Release|Any CPU
		{AFBCF8B2-E8C8-436D-A774-3D39B10B51EB}.Release|Any CPU.Build.0 = Release|Any CPU
		{4543000A-39E5-4B58-B9AC-137728FF52E4}.Debug|Any CPU.ActiveCfg = Debug|Any CPU
		{4543000A-39E5-4B58-B9AC-137728FF52E4}.Debug|Any CPU.Build.0 = Debug|Any CPU
		{4543000A-39E5-4B58-B9AC-137728FF52E4}.Release|Any CPU.ActiveCfg = Release|Any CPU
		{4543000A-39E5-4B58-B9AC-137728FF52E4}.Release|Any CPU.Build.0 = Release|Any CPU
		{27B1688E-660D-4EF6-B994-B85037E9E7CC}.Debug|Any CPU.ActiveCfg = Debug|Any CPU
		{27B1688E-660D-4EF6-B994-B85037E9E7CC}.Debug|Any CPU.Build.0 = Debug|Any CPU
		{27B1688E-660D-4EF6-B994-B85037E9E7CC}.Release|Any CPU.ActiveCfg = Release|Any CPU
		{27B1688E-660D-4EF6-B994-B85037E9E7CC}.Release|Any CPU.Build.0 = Release|Any CPU
		{C68AC91E-6B58-4375-8E72-86DD459A8A89}.Debug|Any CPU.ActiveCfg = Debug|Any CPU
		{C68AC91E-6B58-4375-8E72-86DD459A8A89}.Debug|Any CPU.Build.0 = Debug|Any CPU
		{C68AC91E-6B58-4375-8E72-86DD459A8A89}.Release|Any CPU.ActiveCfg = Release|Any CPU
		{C68AC91E-6B58-4375-8E72-86DD459A8A89}.Release|Any CPU.Build.0 = Release|Any CPU
		{002F7CD8-99E9-4276-9E4B-4A463AD348B2}.Debug|Any CPU.ActiveCfg = Debug|Any CPU
		{002F7CD8-99E9-4276-9E4B-4A463AD348B2}.Debug|Any CPU.Build.0 = Debug|Any CPU
		{002F7CD8-99E9-4276-9E4B-4A463AD348B2}.Release|Any CPU.ActiveCfg = Release|Any CPU
		{002F7CD8-99E9-4276-9E4B-4A463AD348B2}.Release|Any CPU.Build.0 = Release|Any CPU
		{CED403BD-7226-488B-9FEF-34A1F11B7B39}.Debug|Any CPU.ActiveCfg = Debug|Any CPU
		{CED403BD-7226-488B-9FEF-34A1F11B7B39}.Debug|Any CPU.Build.0 = Debug|Any CPU
		{CED403BD-7226-488B-9FEF-34A1F11B7B39}.Release|Any CPU.ActiveCfg = Release|Any CPU
		{CED403BD-7226-488B-9FEF-34A1F11B7B39}.Release|Any CPU.Build.0 = Release|Any CPU
		{5C742F03-2B48-421A-A83D-4489E260F176}.Debug|Any CPU.ActiveCfg = Debug|Any CPU
		{5C742F03-2B48-421A-A83D-4489E260F176}.Debug|Any CPU.Build.0 = Debug|Any CPU
		{5C742F03-2B48-421A-A83D-4489E260F176}.Release|Any CPU.ActiveCfg = Release|Any CPU
		{5C742F03-2B48-421A-A83D-4489E260F176}.Release|Any CPU.Build.0 = Release|Any CPU
		{43C65460-19D9-47C4-BF0F-E3E727635C3D}.Debug|Any CPU.ActiveCfg = Debug|Any CPU
		{43C65460-19D9-47C4-BF0F-E3E727635C3D}.Debug|Any CPU.Build.0 = Debug|Any CPU
		{43C65460-19D9-47C4-BF0F-E3E727635C3D}.Release|Any CPU.ActiveCfg = Release|Any CPU
		{43C65460-19D9-47C4-BF0F-E3E727635C3D}.Release|Any CPU.Build.0 = Release|Any CPU
	EndGlobalSection
	GlobalSection(SolutionProperties) = preSolution
		HideSolutionNode = FALSE
	EndGlobalSection
	GlobalSection(ExtensibilityGlobals) = postSolution
		SolutionGuid = {415A72DF-7D27-4D09-A15F-5C631BA82F14}
	EndGlobalSection
EndGlobal
